{
  "version": 4,
  "terraform_version": "1.10.4",
  "serial": 6,
  "lineage": "f6e9c9fb-6683-3376-425a-86e83c282cf3",
  "outputs": {},
  "resources": [
    {
      "mode": "data",
      "type": "grafana_data_source",
      "name": "prometheus",
      "provider": "provider[\"registry.terraform.io/grafana/grafana\"]",
      "instances": [
        {
          "schema_version": 0,
          "attributes": {
            "access_mode": "proxy",
            "basic_auth_enabled": false,
            "basic_auth_username": "",
            "database_name": "",
            "id": "1:prometheus",
            "is_default": true,
            "json_data_encoded": "{}",
            "name": "Prometheus",
            "org_id": "1",
            "private_data_source_connect_network_id": null,
            "type": "prometheus",
            "uid": "prometheus",
            "url": "http://prometheus:9090",
            "username": ""
          },
          "sensitive_attributes": []
        }
      ]
    },
    {
      "mode": "managed",
      "type": "grafana_contact_point",
      "name": "default_email",
      "provider": "provider[\"registry.terraform.io/grafana/grafana\"]",
      "instances": [
        {
          "schema_version": 0,
          "attributes": {
            "alertmanager": [],
            "dingding": [],
            "disable_provenance": false,
            "discord": [],
            "email": [
              {
                "addresses": [
                  "adrian.n.balaban@gmail.com"
                ],
                "disable_resolve_message": false,
                "message": "",
                "settings": {},
                "single_email": false,
                "subject": "",
                "uid": "afpw5l6ovzh1cc"
              }
            ],
            "googlechat": [],
            "id": "1:flink-cdc-poc-email",
            "kafka": [],
            "line": [],
            "name": "flink-cdc-poc-email",
            "oncall": [],
            "opsgenie": [],
            "org_id": "1",
            "pagerduty": [],
            "pushover": [],
            "sensugo": [],
            "slack": [],
            "sns": [],
            "teams": [],
            "telegram": [],
            "threema": [],
            "victorops": [],
            "webex": [],
            "webhook": [],
            "wecom": []
          },
          "sensitive_attributes": [
            [
              {
                "type": "get_attr",
                "value": "email"
              }
            ]
          ],
          "private": "bnVsbA=="
        }
      ]
    },
    {
      "mode": "managed",
      "type": "grafana_dashboard",
      "name": "flink_cdc_poc",
      "provider": "provider[\"registry.terraform.io/grafana/grafana\"]",
      "instances": [
        {
          "schema_version": 1,
          "attributes": {
            "config_json": "{\"__inputs\":[],\"__requires\":[],\"annotations\":{\"list\":[{\"builtIn\":1,\"datasource\":{\"type\":\"grafana\",\"uid\":\"-- Grafana --\"},\"enable\":true,\"hide\":false,\"iconColor\":\"rgba(255, 96, 96, 1)\",\"name\":\"Alert state changes\",\"type\":\"dashboard\"}]},\"description\":\"Flink CDC POC — mirrors Datadog monitors. Panels 1-3 shipped; panels 4-7 pending Spike S1 (Flink metric parity investigation).\",\"editable\":true,\"fiscalYearStartMonth\":0,\"graphTooltip\":0,\"links\":[],\"panels\":[{\"collapsed\":false,\"gridPos\":{\"h\":1,\"w\":24,\"x\":0,\"y\":0},\"title\":\"Shipped — mirrors Datadog (3 monitors)\",\"type\":\"row\"},{\"datasource\":{\"type\":\"prometheus\",\"uid\":\"prometheus\"},\"description\":\"Mirrors Datadog: flink.job.numRestarts change() \\u003e 3 per job. Alert = restart loop.\",\"fieldConfig\":{\"defaults\":{\"mappings\":[],\"thresholds\":{\"mode\":\"absolute\",\"steps\":[{\"color\":\"green\",\"value\":null},{\"color\":\"red\",\"value\":3}]},\"unit\":\"short\"}},\"gridPos\":{\"h\":6,\"w\":8,\"x\":0,\"y\":1},\"options\":{\"colorMode\":\"background\",\"orientation\":\"auto\",\"reduceOptions\":{\"calcs\":[\"lastNotNull\"]},\"textMode\":\"auto\"},\"targets\":[{\"datasource\":{\"type\":\"prometheus\",\"uid\":\"prometheus\"},\"expr\":\"increase(flink_jobmanager_job_numRestarts[5m])\",\"legendFormat\":\"{{job_name}}\",\"refId\":\"A\"}],\"title\":\"Restart Loop — numRestarts (5 min) [threshold \\u003e3]\",\"type\":\"stat\"},{\"datasource\":{\"type\":\"prometheus\",\"uid\":\"prometheus\"},\"description\":\"Mirrors Datadog: flink.jobmanager.job.lastCheckpointDuration \\u003e 180000 ms.\",\"fieldConfig\":{\"defaults\":{\"thresholds\":{\"mode\":\"absolute\",\"steps\":[{\"color\":\"green\",\"value\":null},{\"color\":\"yellow\",\"value\":120000},{\"color\":\"red\",\"value\":180000}]},\"unit\":\"ms\"}},\"gridPos\":{\"h\":6,\"w\":8,\"x\":8,\"y\":1},\"options\":{\"colorMode\":\"background\",\"orientation\":\"auto\",\"reduceOptions\":{\"calcs\":[\"lastNotNull\"]},\"textMode\":\"auto\"},\"targets\":[{\"datasource\":{\"type\":\"prometheus\",\"uid\":\"prometheus\"},\"expr\":\"flink_jobmanager_job_lastCheckpointDuration\",\"legendFormat\":\"{{job_name}}\",\"refId\":\"A\"}],\"title\":\"Checkpoint Duration [threshold \\u003e180 s]\",\"type\":\"stat\"},{\"datasource\":{\"type\":\"prometheus\",\"uid\":\"prometheus\"},\"description\":\"Mirrors Datadog: flink.jobmanager.job.numberOfFailedCheckpoints change() \\u003e 3.\",\"fieldConfig\":{\"defaults\":{\"thresholds\":{\"mode\":\"absolute\",\"steps\":[{\"color\":\"green\",\"value\":null},{\"color\":\"red\",\"value\":3}]},\"unit\":\"short\"}},\"gridPos\":{\"h\":6,\"w\":8,\"x\":16,\"y\":1},\"options\":{\"colorMode\":\"background\",\"orientation\":\"auto\",\"reduceOptions\":{\"calcs\":[\"lastNotNull\"]},\"textMode\":\"auto\"},\"targets\":[{\"datasource\":{\"type\":\"prometheus\",\"uid\":\"prometheus\"},\"expr\":\"increase(flink_jobmanager_job_numberOfFailedCheckpoints[5m])\",\"legendFormat\":\"{{job_name}}\",\"refId\":\"A\"}],\"title\":\"Checkpoint Failures (5 min) [threshold \\u003e3]\",\"type\":\"stat\"},{\"collapsed\":false,\"gridPos\":{\"h\":1,\"w\":24,\"x\":0,\"y\":7},\"title\":\"Pending Spike S1 — KC monitors #4-#7 (no Flink equivalent yet)\",\"type\":\"row\"},{\"datasource\":{\"type\":\"prometheus\",\"uid\":\"prometheus\"},\"gridPos\":{\"h\":4,\"w\":6,\"x\":0,\"y\":8},\"options\":{\"content\":\"## KC Monitor #4 — Millis Behind Source\\n\\n**Status:** OPEN — pending Spike S1\\n\\nFlink source latency metric not yet identified. Spike S1 investigates whether Flink exposes Debezium JMX equivalents via Flink metric reporters.\\n\\n**KC metric:** `milli.behind.source` (warn 60 s / crit 300 s)\",\"mode\":\"markdown\"},\"title\":\"Millis Behind Source — pending S1\",\"type\":\"text\"},{\"datasource\":{\"type\":\"prometheus\",\"uid\":\"prometheus\"},\"gridPos\":{\"h\":4,\"w\":6,\"x\":6,\"y\":8},\"options\":{\"content\":\"## KC Monitor #5 — Database Disconnects\\n\\n**Status:** OPEN — pending Spike S1\\n\\nMySQL source connection failure counter not yet confirmed available.\\n\\n**KC metric:** `number.of.disconnects` change() \\u003e 0 in 5 min\",\"mode\":\"markdown\"},\"title\":\"Database Disconnects — pending S1\",\"type\":\"text\"},{\"datasource\":{\"type\":\"prometheus\",\"uid\":\"prometheus\"},\"gridPos\":{\"h\":4,\"w\":6,\"x\":12,\"y\":8},\"options\":{\"content\":\"## KC Monitor #6 — Malformed Transactions\\n\\n**Status:** OPEN — pending Spike S1\\n\\nDeserialization error count metric not yet confirmed.\\n\\n**KC metric:** `not.well.formed.transactions` change() \\u003e 0 in 5 min\",\"mode\":\"markdown\"},\"title\":\"Malformed Transactions — pending S1\",\"type\":\"text\"},{\"datasource\":{\"type\":\"prometheus\",\"uid\":\"prometheus\"},\"gridPos\":{\"h\":4,\"w\":6,\"x\":18,\"y\":8},\"options\":{\"content\":\"## KC Monitor #7 — DB Connected\\n\\n**Status:** OPEN — pending Spike S1\\n\\nMySQL source connection status not yet confirmed as a Flink-exposed metric.\\n\\n**KC metric:** `db_connected` \\u003c 1 in 5 min\",\"mode\":\"markdown\"},\"title\":\"DB Connected — pending S1\",\"type\":\"text\"},{\"collapsed\":false,\"gridPos\":{\"h\":1,\"w\":24,\"x\":0,\"y\":12},\"title\":\"JVM / Runtime\",\"type\":\"row\"},{\"datasource\":{\"type\":\"prometheus\",\"uid\":\"prometheus\"},\"fieldConfig\":{\"defaults\":{\"unit\":\"bytes\"}},\"gridPos\":{\"h\":6,\"w\":12,\"x\":0,\"y\":13},\"options\":{\"legend\":{\"displayMode\":\"list\"},\"tooltip\":{\"mode\":\"single\"}},\"targets\":[{\"datasource\":{\"type\":\"prometheus\",\"uid\":\"prometheus\"},\"expr\":\"flink_jobmanager_Status_JVM_Memory_Heap_Used\",\"legendFormat\":\"JM heap used\",\"refId\":\"A\"},{\"datasource\":{\"type\":\"prometheus\",\"uid\":\"prometheus\"},\"expr\":\"flink_taskmanager_Status_JVM_Memory_Heap_Used\",\"legendFormat\":\"TM heap used — {{tm_id}}\",\"refId\":\"B\"}],\"title\":\"JVM Heap Used\",\"type\":\"timeseries\"},{\"datasource\":{\"type\":\"prometheus\",\"uid\":\"prometheus\"},\"fieldConfig\":{\"defaults\":{\"unit\":\"short\"}},\"gridPos\":{\"h\":6,\"w\":12,\"x\":12,\"y\":13},\"targets\":[{\"datasource\":{\"type\":\"prometheus\",\"uid\":\"prometheus\"},\"expr\":\"flink_jobmanager_job_numRestarts\",\"legendFormat\":\"{{job_name}}\",\"refId\":\"A\"}],\"title\":\"Job Restarts (cumulative)\",\"type\":\"timeseries\"}],\"refresh\":\"30s\",\"schemaVersion\":39,\"tags\":[\"flink\",\"cdc\",\"poc\"],\"time\":{\"from\":\"now-1h\",\"to\":\"now\"},\"timepicker\":{},\"timezone\":\"browser\",\"title\":\"Flink CDC POC Monitoring\",\"uid\":\"flink-cdc-poc-monitoring\"}",
            "dashboard_id": 2,
            "folder": "",
            "id": "1:flink-cdc-poc-monitoring",
            "message": null,
            "org_id": "1",
            "overwrite": null,
            "uid": "flink-cdc-poc-monitoring",
            "url": "http://localhost:3001/d/flink-cdc-poc-monitoring/flink-cdc-poc-monitoring",
            "version": 1
          },
          "sensitive_attributes": [],
          "private": "eyJzY2hlbWFfdmVyc2lvbiI6IjEifQ==",
          "dependencies": [
            "data.grafana_data_source.prometheus"
          ]
        }
      ]
    },
    {
      "mode": "managed",
      "type": "grafana_folder",
      "name": "flink_cdc_poc",
      "provider": "provider[\"registry.terraform.io/grafana/grafana\"]",
      "instances": [
        {
          "schema_version": 0,
          "attributes": {
            "id": "1:bfpw5l6fbdhc0b",
            "org_id": "1",
            "parent_folder_uid": "",
            "prevent_destroy_if_not_empty": false,
            "title": "Flink CDC POC",
            "uid": "bfpw5l6fbdhc0b",
            "url": "http://localhost:3001/dashboards/f/bfpw5l6fbdhc0b/flink-cdc-poc"
          },
          "sensitive_attributes": [],
          "private": "bnVsbA=="
        }
      ]
    },
    {
      "mode": "managed",
      "type": "grafana_notification_policy",
      "name": "flink_cdc_poc",
      "provider": "provider[\"registry.terraform.io/grafana/grafana\"]",
      "instances": [
        {
          "schema_version": 0,
          "attributes": {
            "contact_point": "flink-cdc-poc-email",
            "disable_provenance": false,
            "group_by": [
              "alertname",
              "job_name"
            ],
            "group_interval": "",
            "group_wait": "",
            "id": "1:policy",
            "org_id": "1",
            "policy": [],
            "repeat_interval": ""
          },
          "sensitive_attributes": [],
          "private": "bnVsbA==",
          "dependencies": [
            "grafana_contact_point.default_email"
          ]
        }
      ]
    },
    {
      "mode": "managed",
      "type": "grafana_rule_group",
      "name": "flink_cdc_poc",
      "provider": "provider[\"registry.terraform.io/grafana/grafana\"]",
      "instances": [
        {
          "schema_version": 0,
          "attributes": {
            "disable_provenance": false,
            "folder_uid": "bfpw5l6fbdhc0b",
            "id": "1:bfpw5l6fbdhc0b:flink-cdc-poc-alerts",
            "interval_seconds": 60,
            "name": "flink-cdc-poc-alerts",
            "org_id": "1",
            "rule": [
              {
                "annotations": {
                  "__dashboardUid__": "flink-cdc-poc-monitoring",
                  "__panelId__": "1",
                  "description": "Job {{$labels.job_name}} restarted more than 3 times in the last 5 minutes.",
                  "summary": "Flink job restart loop detected"
                },
                "condition": "threshold",
                "data": [
                  {
                    "datasource_uid": "prometheus",
                    "model": "{\"expr\":\"increase(flink_jobmanager_job_numRestarts[5m])\",\"legendFormat\":\"{{job_name}}\",\"refId\":\"A\"}",
                    "query_type": "",
                    "ref_id": "A",
                    "relative_time_range": [
                      {
                        "from": 300,
                        "to": 0
                      }
                    ]
                  },
                  {
                    "datasource_uid": "__expr__",
                    "model": "{\"conditions\":[{\"evaluator\":{\"params\":[3],\"type\":\"gt\"},\"operator\":{\"type\":\"and\"},\"query\":{\"params\":[\"A\"]},\"reducer\":{\"params\":[],\"type\":\"last\"},\"type\":\"query\"}],\"expression\":\"A\",\"refId\":\"threshold\",\"type\":\"threshold\"}",
                    "query_type": "",
                    "ref_id": "threshold",
                    "relative_time_range": [
                      {
                        "from": 300,
                        "to": 0
                      }
                    ]
                  }
                ],
                "exec_err_state": "Error",
                "for": "1m0s",
                "is_paused": false,
                "keep_firing_for": "",
                "labels": {
                  "severity": "critical"
                },
                "missing_series_evals_to_resolve": 0,
                "name": "Flink Restart Loop",
                "no_data_state": "OK",
                "notification_settings": [],
                "record": [],
                "uid": "cfpw5l6kg5ywwb"
              },
              {
                "annotations": {
                  "__dashboardUid__": "flink-cdc-poc-monitoring",
                  "__panelId__": "2",
                  "description": "Job {{$labels.job_name}} last checkpoint duration exceeded 180 s (value: {{$values.A}} ms).",
                  "summary": "Flink checkpoint taking too long"
                },
                "condition": "threshold",
                "data": [
                  {
                    "datasource_uid": "prometheus",
                    "model": "{\"expr\":\"flink_jobmanager_job_lastCheckpointDuration\",\"legendFormat\":\"{{job_name}}\",\"refId\":\"A\"}",
                    "query_type": "",
                    "ref_id": "A",
                    "relative_time_range": [
                      {
                        "from": 300,
                        "to": 0
                      }
                    ]
                  },
                  {
                    "datasource_uid": "__expr__",
                    "model": "{\"conditions\":[{\"evaluator\":{\"params\":[180000],\"type\":\"gt\"},\"operator\":{\"type\":\"and\"},\"query\":{\"params\":[\"A\"]},\"reducer\":{\"params\":[],\"type\":\"last\"},\"type\":\"query\"}],\"expression\":\"A\",\"refId\":\"threshold\",\"type\":\"threshold\"}",
                    "query_type": "",
                    "ref_id": "threshold",
                    "relative_time_range": [
                      {
                        "from": 300,
                        "to": 0
                      }
                    ]
                  }
                ],
                "exec_err_state": "Error",
                "for": "2m0s",
                "is_paused": false,
                "keep_firing_for": "",
                "labels": {
                  "severity": "warning"
                },
                "missing_series_evals_to_resolve": 0,
                "name": "Flink Checkpoint Duration High",
                "no_data_state": "OK",
                "notification_settings": [],
                "record": [],
                "uid": "dfpw5l6kg5ywxb"
              },
              {
                "annotations": {
                  "__dashboardUid__": "flink-cdc-poc-monitoring",
                  "__panelId__": "3",
                  "description": "Job {{$labels.job_name}} had more than 3 checkpoint failures in the last 5 minutes.",
                  "summary": "Flink checkpoint failures spike"
                },
                "condition": "threshold",
                "data": [
                  {
                    "datasource_uid": "prometheus",
                    "model": "{\"expr\":\"increase(flink_jobmanager_job_numberOfFailedCheckpoints[5m])\",\"legendFormat\":\"{{job_name}}\",\"refId\":\"A\"}",
                    "query_type": "",
                    "ref_id": "A",
                    "relative_time_range": [
                      {
                        "from": 300,
                        "to": 0
                      }
                    ]
                  },
                  {
                    "datasource_uid": "__expr__",
                    "model": "{\"conditions\":[{\"evaluator\":{\"params\":[3],\"type\":\"gt\"},\"operator\":{\"type\":\"and\"},\"query\":{\"params\":[\"A\"]},\"reducer\":{\"params\":[],\"type\":\"last\"},\"type\":\"query\"}],\"expression\":\"A\",\"refId\":\"threshold\",\"type\":\"threshold\"}",
                    "query_type": "",
                    "ref_id": "threshold",
                    "relative_time_range": [
                      {
                        "from": 300,
                        "to": 0
                      }
                    ]
                  }
                ],
                "exec_err_state": "Error",
                "for": "1m0s",
                "is_paused": false,
                "keep_firing_for": "",
                "labels": {
                  "severity": "critical"
                },
                "missing_series_evals_to_resolve": 0,
                "name": "Flink Checkpoint Failures",
                "no_data_state": "OK",
                "notification_settings": [],
                "record": [],
                "uid": "ffpw5l6kg5ywyf"
              }
            ]
          },
          "sensitive_attributes": [],
          "private": "bnVsbA==",
          "dependencies": [
            "data.grafana_data_source.prometheus",
            "grafana_folder.flink_cdc_poc"
          ]
        }
      ]
    }
  ],
  "check_results": null
}
